{
  "name": "trash-api",
  "version": "1.0.0",
  "lockfileVersion": 2,
  "requires": true,
  "packages": {
    "": {
      "name": "trash-api",
      "version": "1.0.0",
      "license": "ISC",
      "dependencies": {
        "cors": "^2.8.5",
        "dotenv": "^16.5.0",
        "express": "^5.1.0",
        "multer": "^2.0.1",
        "mysql2": "^3.14.1"
      },
      "devDependencies": {
        "@types/cors": "^2.8.19",
        "@types/express": "^5.0.3",
        "@types/multer": "^1.4.13",
        "@types/node": "^20.19.0"
      },
      "engines": {
        "node": ">=20",
        "pnpm": "10"
      }
    },
    "../node_modules/.pnpm/@types+cors@2.8.19/node_modules/@types/cors": {
      "version": "2.8.19",
      "dev": true,
      "license": "MIT",
      "dependencies": {
        "@types/node": "*"
      }
    },
    "../node_modules/.pnpm/@types+express@5.0.3/node_modules/@types/express": {
      "version": "5.0.3",
      "dev": true,
      "license": "MIT",
      "dependencies": {
        "@types/body-parser": "*",
        "@types/express-serve-static-core": "^5.0.0",
        "@types/serve-static": "*"
      }
    },
    "../node_modules/.pnpm/@types+node@20.19.0/node_modules/@types/node": {
      "version": "20.19.0",
      "dev": true,
      "license": "MIT",
      "dependencies": {
        "undici-types": "~6.21.0"
      }
    },
    "../node_modules/.pnpm/cors@2.8.5/node_modules/cors": {
      "version": "2.8.5",
      "license": "MIT",
      "dependencies": {
        "object-assign": "^4",
        "vary": "^1"
      },
      "devDependencies": {
        "after": "0.8.2",
        "eslint": "2.13.1",
        "express": "4.16.3",
        "mocha": "5.2.0",
        "nyc": "13.1.0",
        "supertest": "3.3.0"
      },
      "engines": {
        "node": ">= 0.10"
      }
    },
    "../node_modules/.pnpm/dotenv@16.5.0/node_modules/dotenv": {
      "version": "16.5.0",
      "license": "BSD-2-Clause",
      "devDependencies": {
        "@types/node": "^18.11.3",
        "decache": "^4.6.2",
        "sinon": "^14.0.1",
        "standard": "^17.0.0",
        "standard-version": "^9.5.0",
        "tap": "^19.2.0",
        "typescript": "^4.8.4"
      },
      "engines": {
        "node": ">=12"
      },
      "funding": {
        "url": "https://dotenvx.com"
      }
    },
    "../node_modules/.pnpm/express@5.1.0/node_modules/express": {
      "version": "5.1.0",
      "license": "MIT",
      "dependencies": {
        "accepts": "^2.0.0",
        "body-parser": "^2.2.0",
        "content-disposition": "^1.0.0",
        "content-type": "^1.0.5",
        "cookie": "^0.7.1",
        "cookie-signature": "^1.2.1",
        "debug": "^4.4.0",
        "encodeurl": "^2.0.0",
        "escape-html": "^1.0.3",
        "etag": "^1.8.1",
        "finalhandler": "^2.1.0",
        "fresh": "^2.0.0",
        "http-errors": "^2.0.0",
        "merge-descriptors": "^2.0.0",
        "mime-types": "^3.0.0",
        "on-finished": "^2.4.1",
        "once": "^1.4.0",
        "parseurl": "^1.3.3",
        "proxy-addr": "^2.0.7",
        "qs": "^6.14.0",
        "range-parser": "^1.2.1",
        "router": "^2.2.0",
        "send": "^1.1.0",
        "serve-static": "^2.2.0",
        "statuses": "^2.0.1",
        "type-is": "^2.0.1",
        "vary": "^1.1.2"
      },
      "devDependencies": {
        "after": "0.8.2",
        "connect-redis": "^8.0.1",
        "cookie-parser": "1.4.7",
        "cookie-session": "2.1.0",
        "ejs": "^3.1.10",
        "eslint": "8.47.0",
        "express-session": "^1.18.1",
        "hbs": "4.2.0",
        "marked": "^15.0.3",
        "method-override": "3.0.0",
        "mocha": "^10.7.3",
        "morgan": "1.10.0",
        "nyc": "^17.1.0",
        "pbkdf2-password": "1.2.1",
        "supertest": "^6.3.0",
        "vhost": "~3.0.2"
      },
      "engines": {
        "node": ">= 18"
      },
      "funding": {
        "type": "opencollective",
        "url": "https://opencollective.com/express"
      }
    },
    "../node_modules/.pnpm/multer@2.0.1/node_modules/multer": {
      "version": "2.0.1",
      "license": "MIT",
      "dependencies": {
        "append-field": "^1.0.0",
        "busboy": "^1.6.0",
        "concat-stream": "^2.0.0",
        "mkdirp": "^0.5.6",
        "object-assign": "^4.1.1",
        "type-is": "^1.6.18",
        "xtend": "^4.0.2"
      },
      "devDependencies": {
        "deep-equal": "^2.0.3",
        "express": "^4.21.2",
        "form-data": "^4.0.2",
        "fs-temp": "^1.2.1",
        "mocha": "^11.5.0",
        "nyc": "^15.1.0",
        "rimraf": "^2.4.1",
        "standard": "^14.3.3",
        "testdata-w3c-json-form": "^1.0.0"
      },
      "engines": {
        "node": ">= 10.16.0"
      }
    },
    "../node_modules/.pnpm/mysql2@3.14.1/node_modules/mysql2": {
      "version": "3.14.1",
      "license": "MIT",
      "dependencies": {
        "aws-ssl-profiles": "^1.1.1",
        "denque": "^2.1.0",
        "generate-function": "^2.3.1",
        "iconv-lite": "^0.6.3",
        "long": "^5.2.1",
        "lru.min": "^1.0.0",
        "named-placeholders": "^1.1.3",
        "seq-queue": "^0.0.5",
        "sqlstring": "^2.3.2"
      },
      "devDependencies": {
        "@eslint/eslintrc": "^3.3.0",
        "@eslint/js": "^9.21.0",
        "@eslint/markdown": "^6.2.2",
        "@types/node": "^22.0.0",
        "@typescript-eslint/eslint-plugin": "^8.26.0",
        "@typescript-eslint/parser": "^8.26.0",
        "assert-diff": "^3.0.2",
        "benchmark": "^2.1.4",
        "c8": "^10.1.1",
        "error-stack-parser": "^2.0.3",
        "eslint-config-prettier": "^10.0.2",
        "eslint-plugin-async-await": "^0.0.0",
        "eslint-plugin-markdown": "^5.1.0",
        "eslint-plugin-prettier": "^5.2.3",
        "globals": "^16.0.0",
        "poku": "^3.0.0",
        "portfinder": "^1.0.28",
        "prettier": "^3.0.0",
        "typescript": "^5.0.2"
      },
      "engines": {
        "node": ">= 8.0"
      }
    },
    "node_modules/@types/cors": {
      "resolved": "../node_modules/.pnpm/@types+cors@2.8.19/node_modules/@types/cors",
      "link": true
    },
    "node_modules/@types/express": {
      "resolved": "../node_modules/.pnpm/@types+express@5.0.3/node_modules/@types/express",
      "link": true
    },
    "node_modules/@types/multer": {
      "version": "1.4.13",
      "resolved": "https://registry.npmjs.org/@types/multer/-/multer-1.4.13.tgz",
      "integrity": "sha512-bhhdtPw7JqCiEfC9Jimx5LqX9BDIPJEh2q/fQ4bqbBPtyEZYr3cvF22NwG0DmPZNYA0CAf2CnqDB4KIGGpJcaw==",
      "dev": true,
      "dependencies": {
        "@types/express": "*"
      }
    },
    "node_modules/@types/node": {
      "resolved": "../node_modules/.pnpm/@types+node@20.19.0/node_modules/@types/node",
      "link": true
    },
    "node_modules/cors": {
      "resolved": "../node_modules/.pnpm/cors@2.8.5/node_modules/cors",
      "link": true
    },
    "node_modules/dotenv": {
      "resolved": "../node_modules/.pnpm/dotenv@16.5.0/node_modules/dotenv",
      "link": true
    },
    "node_modules/express": {
      "resolved": "../node_modules/.pnpm/express@5.1.0/node_modules/express",
      "link": true
    },
    "node_modules/multer": {
      "resolved": "../node_modules/.pnpm/multer@2.0.1/node_modules/multer",
      "link": true
    },
    "node_modules/mysql2": {
      "resolved": "../node_modules/.pnpm/mysql2@3.14.1/node_modules/mysql2",
      "link": true
    }
  },
  "dependencies": {
    "@types/cors": {
      "version": "file:../node_modules/.pnpm/@types+cors@2.8.19/node_modules/@types/cors",
      "requires": {
        "@types/node": "*"
      }
    },
    "@types/express": {
      "version": "file:../node_modules/.pnpm/@types+express@5.0.3/node_modules/@types/express",
      "requires": {
        "@types/body-parser": "*",
        "@types/express-serve-static-core": "^5.0.0",
        "@types/serve-static": "*"
      }
    },
    "@types/multer": {
      "version": "1.4.13",
      "resolved": "https://registry.npmjs.org/@types/multer/-/multer-1.4.13.tgz",
      "integrity": "sha512-bhhdtPw7JqCiEfC9Jimx5LqX9BDIPJEh2q/fQ4bqbBPtyEZYr3cvF22NwG0DmPZNYA0CAf2CnqDB4KIGGpJcaw==",
      "dev": true,
      "requires": {
        "@types/express": "*"
      }
    },
    "@types/node": {
      "version": "file:../node_modules/.pnpm/@types+node@20.19.0/node_modules/@types/node",
      "requires": {
        "undici-types": "~6.21.0"
      }
    },
    "cors": {
      "version": "file:../node_modules/.pnpm/cors@2.8.5/node_modules/cors",
      "requires": {
        "after": "0.8.2",
        "eslint": "2.13.1",
        "express": "4.16.3",
        "mocha": "5.2.0",
        "nyc": "13.1.0",
        "object-assign": "^4",
        "supertest": "3.3.0",
        "vary": "^1"
      }
    },
    "dotenv": {
      "version": "file:../node_modules/.pnpm/dotenv@16.5.0/node_modules/dotenv",
      "requires": {
        "@types/node": "^18.11.3",
        "decache": "^4.6.2",
        "sinon": "^14.0.1",
        "standard": "^17.0.0",
        "standard-version": "^9.5.0",
        "tap": "^19.2.0",
        "typescript": "^4.8.4"
      }
    },
    "express": {
      "version": "file:../node_modules/.pnpm/express@5.1.0/node_modules/express",
      "requires": {
        "accepts": "^2.0.0",
        "after": "0.8.2",
        "body-parser": "^2.2.0",
        "connect-redis": "^8.0.1",
        "content-disposition": "^1.0.0",
        "content-type": "^1.0.5",
        "cookie": "^0.7.1",
        "cookie-parser": "1.4.7",
        "cookie-session": "2.1.0",
        "cookie-signature": "^1.2.1",
        "debug": "^4.4.0",
        "ejs": "^3.1.10",
        "encodeurl": "^2.0.0",
        "escape-html": "^1.0.3",
        "eslint": "8.47.0",
        "etag": "^1.8.1",
        "express-session": "^1.18.1",
        "finalhandler": "^2.1.0",
        "fresh": "^2.0.0",
        "hbs": "4.2.0",
        "http-errors": "^2.0.0",
        "marked": "^15.0.3",
        "merge-descriptors": "^2.0.0",
        "method-override": "3.0.0",
        "mime-types": "^3.0.0",
        "mocha": "^10.7.3",
        "morgan": "1.10.0",
        "nyc": "^17.1.0",
        "on-finished": "^2.4.1",
        "once": "^1.4.0",
        "parseurl": "^1.3.3",
        "pbkdf2-password": "1.2.1",
        "proxy-addr": "^2.0.7",
        "qs": "^6.14.0",
        "range-parser": "^1.2.1",
        "router": "^2.2.0",
        "send": "^1.1.0",
        "serve-static": "^2.2.0",
        "statuses": "^2.0.1",
        "supertest": "^6.3.0",
        "type-is": "^2.0.1",
        "vary": "^1.1.2",
        "vhost": "~3.0.2"
      }
    },
    "multer": {
      "version": "file:../node_modules/.pnpm/multer@2.0.1/node_modules/multer",
      "requires": {
        "append-field": "^1.0.0",
        "busboy": "^1.6.0",
        "concat-stream": "^2.0.0",
        "deep-equal": "^2.0.3",
        "express": "^4.21.2",
        "form-data": "^4.0.2",
        "fs-temp": "^1.2.1",
        "mkdirp": "^0.5.6",
        "mocha": "^11.5.0",
        "nyc": "^15.1.0",
        "object-assign": "^4.1.1",
        "rimraf": "^2.4.1",
        "standard": "^14.3.3",
        "testdata-w3c-json-form": "^1.0.0",
        "type-is": "^1.6.18",
        "xtend": "^4.0.2"
      }
    },
    "mysql2": {
      "version": "file:../node_modules/.pnpm/mysql2@3.14.1/node_modules/mysql2",
      "requires": {
        "@eslint/eslintrc": "^3.3.0",
        "@eslint/js": "^9.21.0",
        "@eslint/markdown": "^6.2.2",
        "@types/node": "^22.0.0",
        "@typescript-eslint/eslint-plugin": "^8.26.0",
        "@typescript-eslint/parser": "^8.26.0",
        "assert-diff": "^3.0.2",
        "aws-ssl-profiles": "^1.1.1",
        "benchmark": "^2.1.4",
        "c8": "^10.1.1",
        "denque": "^2.1.0",
        "error-stack-parser": "^2.0.3",
        "eslint-config-prettier": "^10.0.2",
        "eslint-plugin-async-await": "^0.0.0",
        "eslint-plugin-markdown": "^5.1.0",
        "eslint-plugin-prettier": "^5.2.3",
        "generate-function": "^2.3.1",
        "globals": "^16.0.0",
        "iconv-lite": "^0.6.3",
        "long": "^5.2.1",
        "lru.min": "^1.0.0",
        "named-placeholders": "^1.1.3",
        "poku": "^3.0.0",
        "portfinder": "^1.0.28",
        "prettier": "^3.0.0",
        "seq-queue": "^0.0.5",
        "sqlstring": "^2.3.2",
        "typescript": "^5.0.2"
      }
    }
  }
}
